
Microsoft Visual Studio Solution File, Format Version 12.00
# Visual Studio Version 17
VisualStudioVersion = 17.5.002.0
MinimumVisualStudioVersion = 10.0.40219.1
Project("{9A19103F-16F7-4668-BE54-9A1E7A4F7556}") = "ecommerce", "ecommerce.csproj", "{5B606141-4EC6-4912-A32D-A49C7E2DA5FF}"
EndProject
Global
	GlobalSection(SolutionConfigurationPlatforms) = preSolution
		Debug|Any CPU = Debug|Any CPU
		Release|Any CPU = Release|Any CPU
	EndGlobalSection
	GlobalSection(ProjectConfigurationPlatforms) = postSolution
		{5B606141-4EC6-4912-A32D-A49C7E2DA5FF}.Debug|Any CPU.ActiveCfg = Debug|Any CPU
		{5B606141-4EC6-4912-A32D-A49C7E2DA5FF}.Debug|Any CPU.Build.0 = Debug|Any CPU
		{5B606141-4EC6-4912-A32D-A49C7E2DA5FF}.Release|Any CPU.ActiveCfg = Release|Any CPU
		{5B606141-4EC6-4912-A32D-A49C7E2DA5FF}.Release|Any CPU.Build.0 = Release|Any CPU
	EndGlobalSection
	GlobalSection(SolutionProperties) = preSolution
		HideSolutionNode = FALSE
	EndGlobalSection
	GlobalSection(ExtensibilityGlobals) = postSolution
		SolutionGuid = {D72198A3-70E2-4CCD-BF82-C9DF3FF28858}
	EndGlobalSection
EndGlobal
